// !$*UTF8*$!
{
	archiveVersion = 1;
	classes = {
	};
	objectVersion = 55;
	objects = {

/* Begin PBXBuildFile section */
		0A112715284599F7000A2A3E /* RoundViews.swift in Sources */ = {isa = PBXBuildFile; fileRef = 0A112714284599F6000A2A3E /* RoundViews.swift */; };
		0A15652D282CA12800F74C23 /* Game.swift in Sources */ = {isa = PBXBuildFile; fileRef = 0A15652C282CA12800F74C23 /* Game.swift */; };
		0A3D893F281B38290096AE29 /* TrySwiftUiAgainApp.swift in Sources */ = {isa = PBXBuildFile; fileRef = 0A3D893E281B38290096AE29 /* TrySwiftUiAgainApp.swift */; };
		0A3D8941281B38290096AE29 /* ContentView.swift in Sources */ = {isa = PBXBuildFile; fileRef = 0A3D8940281B38290096AE29 /* ContentView.swift */; };
		0A3D8943281B382B0096AE29 /* Assets.xcassets in Resources */ = {isa = PBXBuildFile; fileRef = 0A3D8942281B382B0096AE29 /* Assets.xcassets */; };
		0A3D8946281B382B0096AE29 /* Preview Assets.xcassets in Resources */ = {isa = PBXBuildFile; fileRef = 0A3D8945281B382B0096AE29 /* Preview Assets.xcassets */; };
		0A3D8950281B382B0096AE29 /* TrySwiftUiAgainTests.swift in Sources */ = {isa = PBXBuildFile; fileRef = 0A3D894F281B382B0096AE29 /* TrySwiftUiAgainTests.swift */; };
		0A3D895A281B382B0096AE29 /* TrySwiftUiAgainUITests.swift in Sources */ = {isa = PBXBuildFile; fileRef = 0A3D8959281B382B0096AE29 /* TrySwiftUiAgainUITests.swift */; };
		0A3D895C281B382B0096AE29 /* TrySwiftUiAgainUITestsLaunchTests.swift in Sources */ = {isa = PBXBuildFile; fileRef = 0A3D895B281B382B0096AE29 /* TrySwiftUiAgainUITestsLaunchTests.swift */; };
		0A488167283BCE610052F132 /* TextViews.swift in Sources */ = {isa = PBXBuildFile; fileRef = 0A488166283BCE610052F132 /* TextViews.swift */; };
		0A68B7082847AD160064B256 /* BackgroundView.swift in Sources */ = {isa = PBXBuildFile; fileRef = 0A68B7072847AD160064B256 /* BackgroundView.swift */; };
		0AB16B09285BFA2B001C02E6 /* PointsView.swift in Sources */ = {isa = PBXBuildFile; fileRef = 0AB16B08285BFA2B001C02E6 /* PointsView.swift */; };
/* End PBXBuildFile section */

/* Begin PBXContainerItemProxy section */
		0A3D894C281B382B0096AE29 /* PBXContainerItemProxy */ = {
			isa = PBXContainerItemProxy;
			containerPortal = 0A3D8933281B38290096AE29 /* Project object */;
			proxyType = 1;
			remoteGlobalIDString = 0A3D893A281B38290096AE29;
			remoteInfo = TrySwiftUiAgain;
		};
		0A3D8956281B382B0096AE29 /* PBXContainerItemProxy */ = {
			isa = PBXContainerItemProxy;
			containerPortal = 0A3D8933281B38290096AE29 /* Project object */;
			proxyType = 1;
			remoteGlobalIDString = 0A3D893A281B38290096AE29;
			remoteInfo = TrySwiftUiAgain;
		};
/* End PBXContainerItemProxy section */

/* Begin PBXFileReference section */
		0A112714284599F6000A2A3E /* RoundViews.swift */ = {isa = PBXFileReference; lastKnownFileType = sourcecode.swift; path = RoundViews.swift; sourceTree = "<group>"; };
		0A15652C282CA12800F74C23 /* Game.swift */ = {isa = PBXFileReference; lastKnownFileType = sourcecode.swift; path = Game.swift; sourceTree = "<group>"; };
		0A3D893B281B38290096AE29 /* TrySwiftUiAgain.app */ = {isa = PBXFileReference; explicitFileType = wrapper.application; includeInIndex = 0; path = TrySwiftUiAgain.app; sourceTree = BUILT_PRODUCTS_DIR; };
		0A3D893E281B38290096AE29 /* TrySwiftUiAgainApp.swift */ = {isa = PBXFileReference; lastKnownFileType = sourcecode.swift; path = TrySwiftUiAgainApp.swift; sourceTree = "<group>"; };
		0A3D8940281B38290096AE29 /* ContentView.swift */ = {isa = PBXFileReference; lastKnownFileType = sourcecode.swift; path = ContentView.swift; sourceTree = "<group>"; };
		0A3D8942281B382B0096AE29 /* Assets.xcassets */ = {isa = PBXFileReference; lastKnownFileType = folder.assetcatalog; path = Assets.xcassets; sourceTree = "<group>"; };
		0A3D8945281B382B0096AE29 /* Preview Assets.xcassets */ = {isa = PBXFileReference; lastKnownFileType = folder.assetcatalog; path = "Preview Assets.xcassets"; sourceTree = "<group>"; };
		0A3D894B281B382B0096AE29 /* TrySwiftUiAgainTests.xctest */ = {isa = PBXFileReference; explicitFileType = wrapper.cfbundle; includeInIndex = 0; path = TrySwiftUiAgainTests.xctest; sourceTree = BUILT_PRODUCTS_DIR; };
		0A3D894F281B382B0096AE29 /* TrySwiftUiAgainTests.swift */ = {isa = PBXFileReference; lastKnownFileType = sourcecode.swift; path = TrySwiftUiAgainTests.swift; sourceTree = "<group>"; };
		0A3D8955281B382B0096AE29 /* TrySwiftUiAgainUITests.xctest */ = {isa = PBXFileReference; explicitFileType = wrapper.cfbundle; includeInIndex = 0; path = TrySwiftUiAgainUITests.xctest; sourceTree = BUILT_PRODUCTS_DIR; };
		0A3D8959281B382B0096AE29 /* TrySwiftUiAgainUITests.swift */ = {isa = PBXFileReference; lastKnownFileType = sourcecode.swift; path = TrySwiftUiAgainUITests.swift; sourceTree = "<group>"; };
		0A3D895B281B382B0096AE29 /* TrySwiftUiAgainUITestsLaunchTests.swift */ = {isa = PBXFileReference; lastKnownFileType = sourcecode.swift; path = TrySwiftUiAgainUITestsLaunchTests.swift; sourceTree = "<group>"; };
		0A488166283BCE610052F132 /* TextViews.swift */ = {isa = PBXFileReference; lastKnownFileType = sourcecode.swift; path = TextViews.swift; sourceTree = "<group>"; };
		0A68B7072847AD160064B256 /* BackgroundView.swift */ = {isa = PBXFileReference; lastKnownFileType = sourcecode.swift; path = BackgroundView.swift; sourceTree = "<group>"; };
		0AB16B08285BFA2B001C02E6 /* PointsView.swift */ = {isa = PBXFileReference; lastKnownFileType = sourcecode.swift; path = PointsView.swift; sourceTree = "<group>"; };
/* End PBXFileReference section */

/* Begin PBXFrameworksBuildPhase section */
		0A3D8938281B38290096AE29 /* Frameworks */ = {
			isa = PBXFrameworksBuildPhase;
			buildActionMask = 2147483647;
			files = (
			);
			runOnlyForDeploymentPostprocessing = 0;
		};
		0A3D8948281B382B0096AE29 /* Frameworks */ = {
			isa = PBXFrameworksBuildPhase;
			buildActionMask = 2147483647;
			files = (
			);
			runOnlyForDeploymentPostprocessing = 0;
		};
		0A3D8952281B382B0096AE29 /* Frameworks */ = {
			isa = PBXFrameworksBuildPhase;
			buildActionMask = 2147483647;
			files = (
			);
			runOnlyForDeploymentPostprocessing = 0;
		};
/* End PBXFrameworksBuildPhase section */

/* Begin PBXGroup section */
		0A156529282C9B6A00F74C23 /* Models */ = {
			isa = PBXGroup;
			children = (
				0A15652C282CA12800F74C23 /* Game.swift */,
			);
			path = Models;
			sourceTree = "<group>";
		};
		0A15652A282C9DC900F74C23 /* Views */ = {
			isa = PBXGroup;
			children = (
				0A3D8940281B38290096AE29 /* ContentView.swift */,
				0A488166283BCE610052F132 /* TextViews.swift */,
				0A112714284599F6000A2A3E /* RoundViews.swift */,
				0A68B7072847AD160064B256 /* BackgroundView.swift */,
				0AB16B08285BFA2B001C02E6 /* PointsView.swift */,
			);
			path = Views;
			sourceTree = "<group>";
		};
		0A15652B282C9DE800F74C23 /* App */ = {
			isa = PBXGroup;
			children = (
				0A3D893E281B38290096AE29 /* TrySwiftUiAgainApp.swift */,
				0A3D8942281B382B0096AE29 /* Assets.xcassets */,
			);
			path = App;
			sourceTree = "<group>";
		};
		0A3D8932281B38290096AE29 = {
			isa = PBXGroup;
			children = (
				0A3D893D281B38290096AE29 /* TrySwiftUiAgain */,
				0A3D894E281B382B0096AE29 /* TrySwiftUiAgainTests */,
				0A3D8958281B382B0096AE29 /* TrySwiftUiAgainUITests */,
				0A3D893C281B38290096AE29 /* Products */,
			);
			sourceTree = "<group>";
		};
		0A3D893C281B38290096AE29 /* Products */ = {
			isa = PBXGroup;
			children = (
				0A3D893B281B38290096AE29 /* TrySwiftUiAgain.app */,
				0A3D894B281B382B0096AE29 /* TrySwiftUiAgainTests.xctest */,
				0A3D8955281B382B0096AE29 /* TrySwiftUiAgainUITests.xctest */,
			);
			name = Products;
			sourceTree = "<group>";
		};
		0A3D893D281B38290096AE29 /* TrySwiftUiAgain */ = {
			isa = PBXGroup;
			children = (
				0A15652B282C9DE800F74C23 /* App */,
				0A15652A282C9DC900F74C23 /* Views */,
				0A156529282C9B6A00F74C23 /* Models */,
				0A3D8944281B382B0096AE29 /* Preview Content */,
			);
			path = TrySwiftUiAgain;
			sourceTree = "<group>";
		};
		0A3D8944281B382B0096AE29 /* Preview Content */ = {
			isa = PBXGroup;
			children = (
				0A3D8945281B382B0096AE29 /* Preview Assets.xcassets */,
			);
			path = "Preview Content";
			sourceTree = "<group>";
		};
		0A3D894E281B382B0096AE29 /* TrySwiftUiAgainTests */ = {
			isa = PBXGroup;
			children = (
				0A3D894F281B382B0096AE29 /* TrySwiftUiAgainTests.swift */,
			);
			path = TrySwiftUiAgainTests;
			sourceTree = "<group>";
		};
		0A3D8958281B382B0096AE29 /* TrySwiftUiAgainUITests */ = {
			isa = PBXGroup;
			children = (
				0A3D8959281B382B0096AE29 /* TrySwiftUiAgainUITests.swift */,
				0A3D895B281B382B0096AE29 /* TrySwiftUiAgainUITestsLaunchTests.swift */,
			);
			path = TrySwiftUiAgainUITests;
			sourceTree = "<group>";
		};
/* End PBXGroup section */

/* Begin PBXNativeTarget section */
		0A3D893A281B38290096AE29 /* TrySwiftUiAgain */ = {
			isa = PBXNativeTarget;
			buildConfigurationList = 0A3D895F281B382B0096AE29 /* Build configuration list for PBXNativeTarget "TrySwiftUiAgain" */;
			buildPhases = (
				0A3D8937281B38290096AE29 /* Sources */,
				0A3D8938281B38290096AE29 /* Frameworks */,
				0A3D8939281B38290096AE29 /* Resources */,
			);
			buildRules = (
			);
			dependencies = (
			);
			name = TrySwiftUiAgain;
			productName = TrySwiftUiAgain;
			productReference = 0A3D893B281B38290096AE29 /* TrySwiftUiAgain.app */;
			productType = "com.apple.product-type.application";
		};
		0A3D894A281B382B0096AE29 /* TrySwiftUiAgainTests */ = {
			isa = PBXNativeTarget;
			buildConfigurationList = 0A3D8962281B382B0096AE29 /* Build configuration list for PBXNativeTarget "TrySwiftUiAgainTests" */;
			buildPhases = (
				0A3D8947281B382B0096AE29 /* Sources */,
				0A3D8948281B382B0096AE29 /* Frameworks */,
				0A3D8949281B382B0096AE29 /* Resources */,
			);
			buildRules = (
			);
			dependencies = (
				0A3D894D281B382B0096AE29 /* PBXTargetDependency */,
			);
			name = TrySwiftUiAgainTests;
			productName = TrySwiftUiAgainTests;
			productReference = 0A3D894B281B382B0096AE29 /* TrySwiftUiAgainTests.xctest */;
			productType = "com.apple.product-type.bundle.unit-test";
		};
		0A3D8954281B382B0096AE29 /* TrySwiftUiAgainUITests */ = {
			isa = PBXNativeTarget;
			buildConfigurationList = 0A3D8965281B382B0096AE29 /* Build configuration list for PBXNativeTarget "TrySwiftUiAgainUITests" */;
			buildPhases = (
				0A3D8951281B382B0096AE29 /* Sources */,
				0A3D8952281B382B0096AE29 /* Frameworks */,
				0A3D8953281B382B0096AE29 /* Resources */,
			);
			buildRules = (
			);
			dependencies = (
				0A3D8957281B382B0096AE29 /* PBXTargetDependency */,
			);
			name = TrySwiftUiAgainUITests;
			productName = TrySwiftUiAgainUITests;
			productReference = 0A3D8955281B382B0096AE29 /* TrySwiftUiAgainUITests.xctest */;
			productType = "com.apple.product-type.bundle.ui-testing";
		};
/* End PBXNativeTarget section */

/* Begin PBXProject section */
		0A3D8933281B38290096AE29 /* Project object */ = {
			isa = PBXProject;
			attributes = {
				BuildIndependentTargetsInParallel = 1;
				LastSwiftUpdateCheck = 1300;
				LastUpgradeCheck = 1300;
				TargetAttributes = {
					0A3D893A281B38290096AE29 = {
						CreatedOnToolsVersion = 13.0;
					};
					0A3D894A281B382B0096AE29 = {
						CreatedOnToolsVersion = 13.0;
						TestTargetID = 0A3D893A281B38290096AE29;
					};
					0A3D8954281B382B0096AE29 = {
						CreatedOnToolsVersion = 13.0;
						TestTargetID = 0A3D893A281B38290096AE29;
					};
				};
			};
			buildConfigurationList = 0A3D8936281B38290096AE29 /* Build configuration list for PBXProject "TrySwiftUiAgain" */;
			compatibilityVersion = "Xcode 13.0";
			developmentRegion = en;
			hasScannedForEncodings = 0;
			knownRegions = (
				en,
				Base,
			);
			mainGroup = 0A3D8932281B38290096AE29;
			productRefGroup = 0A3D893C281B38290096AE29 /* Products */;
			projectDirPath = "";
			projectRoot = "";
			targets = (
				0A3D893A281B38290096AE29 /* TrySwiftUiAgain */,
				0A3D894A281B382B0096AE29 /* TrySwiftUiAgainTests */,
				0A3D8954281B382B0096AE29 /* TrySwiftUiAgainUITests */,
			);
		};
/* End PBXProject section */

/* Begin PBXResourcesBuildPhase section */
		0A3D8939281B38290096AE29 /* Resources */ = {
			isa = PBXResourcesBuildPhase;
			buildActionMask = 2147483647;
			files = (
				0A3D8946281B382B0096AE29 /* Preview Assets.xcassets in Resources */,
				0A3D8943281B382B0096AE29 /* Assets.xcassets in Resources */,
			);
			runOnlyForDeploymentPostprocessing = 0;
		};
		0A3D8949281B382B0096AE29 /* Resources */ = {
			isa = PBXResourcesBuildPhase;
			buildActionMask = 2147483647;
			files = (
			);
			runOnlyForDeploymentPostprocessing = 0;
		};
		0A3D8953281B382B0096AE29 /* Resources */ = {
			isa = PBXResourcesBuildPhase;
			buildActionMask = 2147483647;
			files = (
			);
			runOnlyForDeploymentPostprocessing = 0;
		};
/* End PBXResourcesBuildPhase section */

/* Begin PBXSourcesBuildPhase section */
		0A3D8937281B38290096AE29 /* Sources */ = {
			isa = PBXSourcesBuildPhase;
			buildActionMask = 2147483647;
			files = (
				0A68B7082847AD160064B256 /* BackgroundView.swift in Sources */,
				0A3D8941281B38290096AE29 /* ContentView.swift in Sources */,
				0A488167283BCE610052F132 /* TextViews.swift in Sources */,
				0A15652D282CA12800F74C23 /* Game.swift in Sources */,
				0AB16B09285BFA2B001C02E6 /* PointsView.swift in Sources */,
				0A3D893F281B38290096AE29 /* TrySwiftUiAgainApp.swift in Sources */,
				0A112715284599F7000A2A3E /* RoundViews.swift in Sources */,
			);
			runOnlyForDeploymentPostprocessing = 0;
		};
		0A3D8947281B382B0096AE29 /* Sources */ = {
			isa = PBXSourcesBuildPhase;
			buildActionMask = 2147483647;
			files = (
				0A3D8950281B382B0096AE29 /* TrySwiftUiAgainTests.swift in Sources */,
			);
			runOnlyForDeploymentPostprocessing = 0;
		};
		0A3D8951281B382B0096AE29 /* Sources */ = {
			isa = PBXSourcesBuildPhase;
			buildActionMask = 2147483647;
			files = (
				0A3D895A281B382B0096AE29 /* TrySwiftUiAgainUITests.swift in Sources */,
				0A3D895C281B382B0096AE29 /* TrySwiftUiAgainUITestsLaunchTests.swift in Sources */,
			);
			runOnlyForDeploymentPostprocessing = 0;
		};
/* End PBXSourcesBuildPhase section */

/* Begin PBXTargetDependency section */
		0A3D894D281B382B0096AE29 /* PBXTargetDependency */ = {
			isa = PBXTargetDependency;
			target = 0A3D893A281B38290096AE29 /* TrySwiftUiAgain */;
			targetProxy = 0A3D894C281B382B0096AE29 /* PBXContainerItemProxy */;
		};
		0A3D8957281B382B0096AE29 /* PBXTargetDependency */ = {
			isa = PBXTargetDependency;
			target = 0A3D893A281B38290096AE29 /* TrySwiftUiAgain */;
			targetProxy = 0A3D8956281B382B0096AE29 /* PBXContainerItemProxy */;
		};
/* End PBXTargetDependency section */

/* Begin XCBuildConfiguration section */
		0A3D895D281B382B0096AE29 /* Debug */ = {
			isa = XCBuildConfiguration;
			buildSettings = {
				ALWAYS_SEARCH_USER_PATHS = NO;
				CLANG_ANALYZER_NONNULL = YES;
				CLANG_ANALYZER_NUMBER_OBJECT_CONVERSION = YES_AGGRESSIVE;
				CLANG_CXX_LANGUAGE_STANDARD = "gnu++17";
				CLANG_CXX_LIBRARY = "libc++";
				CLANG_ENABLE_MODULES = YES;
				CLANG_ENABLE_OBJC_ARC = YES;
				CLANG_ENABLE_OBJC_WEAK = YES;
				CLANG_WARN_BLOCK_CAPTURE_AUTORELEASING = YES;
				CLANG_WARN_BOOL_CONVERSION = YES;
				CLANG_WARN_COMMA = YES;
				CLANG_WARN_CONSTANT_CONVERSION = YES;
				CLANG_WARN_DEPRECATED_OBJC_IMPLEMENTATIONS = YES;
				CLANG_WARN_DIRECT_OBJC_ISA_USAGE = YES_ERROR;
				CLANG_WARN_DOCUMENTATION_COMMENTS = YES;
				CLANG_WARN_EMPTY_BODY = YES;
				CLANG_WARN_ENUM_CONVERSION = YES;
				CLANG_WARN_INFINITE_RECURSION = YES;
				CLANG_WARN_INT_CONVERSION = YES;
				CLANG_WARN_NON_LITERAL_NULL_CONVERSION = YES;
				CLANG_WARN_OBJC_IMPLICIT_RETAIN_SELF = YES;
				CLANG_WARN_OBJC_LITERAL_CONVERSION = YES;
				CLANG_WARN_OBJC_ROOT_CLASS = YES_ERROR;
				CLANG_WARN_QUOTED_INCLUDE_IN_FRAMEWORK_HEADER = YES;
				CLANG_WARN_RANGE_LOOP_ANALYSIS = YES;
				CLANG_WARN_STRICT_PROTOTYPES = YES;
				CLANG_WARN_SUSPICIOUS_MOVE = YES;
				CLANG_WARN_UNGUARDED_AVAILABILITY = YES_AGGRESSIVE;
				CLANG_WARN_UNREACHABLE_CODE = YES;
				CLANG_WARN__DUPLICATE_METHOD_MATCH = YES;
				COPY_PHASE_STRIP = NO;
				DEBUG_INFORMATION_FORMAT = dwarf;
				ENABLE_STRICT_OBJC_MSGSEND = YES;
				ENABLE_TESTABILITY = YES;
				GCC_C_LANGUAGE_STANDARD = gnu11;
				GCC_DYNAMIC_NO_PIC = NO;
				GCC_NO_COMMON_BLOCKS = YES;
				GCC_OPTIMIZATION_LEVEL = 0;
				GCC_PREPROCESSOR_DEFINITIONS = (
					"DEBUG=1",
					"$(inherited)",
				);
				GCC_WARN_64_TO_32_BIT_CONVERSION = YES;
				GCC_WARN_ABOUT_RETURN_TYPE = YES_ERROR;
				GCC_WARN_UNDECLARED_SELECTOR = YES;
				GCC_WARN_UNINITIALIZED_AUTOS = YES_AGGRESSIVE;
				GCC_WARN_UNUSED_FUNCTION = YES;
				GCC_WARN_UNUSED_VARIABLE = YES;
				IPHONEOS_DEPLOYMENT_TARGET = 15.0;
				MTL_ENABLE_DEBUG_INFO = INCLUDE_SOURCE;
				MTL_FAST_MATH = YES;
				ONLY_ACTIVE_ARCH = YES;
				SDKROOT = iphoneos;
				SWIFT_ACTIVE_COMPILATION_CONDITIONS = DEBUG;
				SWIFT_OPTIMIZATION_LEVEL = "-Onone";
			};
			name = Debug;
		};
		0A3D895E281B382B0096AE29 /* Release */ = {
			isa = XCBuildConfiguration;
			buildSettings = {
				ALWAYS_SEARCH_USER_PATHS = NO;
				CLANG_ANALYZER_NONNULL = YES;
				CLANG_ANALYZER_NUMBER_OBJECT_CONVERSION = YES_AGGRESSIVE;
				CLANG_CXX_LANGUAGE_STANDARD = "gnu++17";
				CLANG_CXX_LIBRARY = "libc++";
				CLANG_ENABLE_MODULES = YES;
				CLANG_ENABLE_OBJC_ARC = YES;
				CLANG_ENABLE_OBJC_WEAK = YES;
				CLANG_WARN_BLOCK_CAPTURE_AUTORELEASING = YES;
				CLANG_WARN_BOOL_CONVERSION = YES;
				CLANG_WARN_COMMA = YES;
				CLANG_WARN_CONSTANT_CONVERSION = YES;
				CLANG_WARN_DEPRECATED_OBJC_IMPLEMENTATIONS = YES;
				CLANG_WARN_DIRECT_OBJC_ISA_USAGE = YES_ERROR;
				CLANG_WARN_DOCUMENTATION_COMMENTS = YES;
				CLANG_WARN_EMPTY_BODY = YES;
				CLANG_WARN_ENUM_CONVERSION = YES;
				CLANG_WARN_INFINITE_RECURSION = YES;
				CLANG_WARN_INT_CONVERSION = YES;
				CLANG_WARN_NON_LITERAL_NULL_CONVERSION = YES;
				CLANG_WARN_OBJC_IMPLICIT_RETAIN_SELF = YES;
				CLANG_WARN_OBJC_LITERAL_CONVERSION = YES;
				CLANG_WARN_OBJC_ROOT_CLASS = YES_ERROR;
				CLANG_WARN_QUOTED_INCLUDE_IN_FRAMEWORK_HEADER = YES;
				CLANG_WARN_RANGE_LOOP_ANALYSIS = YES;
				CLANG_WARN_STRICT_PROTOTYPES = YES;
				CLANG_WARN_SUSPICIOUS_MOVE = YES;
				CLANG_WARN_UNGUARDED_AVAILABILITY = YES_AGGRESSIVE;
				CLANG_WARN_UNREACHABLE_CODE = YES;
				CLANG_WARN__DUPLICATE_METHOD_MATCH = YES;
				COPY_PHASE_STRIP = NO;
				DEBUG_INFORMATION_FORMAT = "dwarf-with-dsym";
				ENABLE_NS_ASSERTIONS = NO;
				ENABLE_STRICT_OBJC_MSGSEND = YES;
				GCC_C_LANGUAGE_STANDARD = gnu11;
				GCC_NO_COMMON_BLOCKS = YES;
				GCC_WARN_64_TO_32_BIT_CONVERSION = YES;
				GCC_WARN_ABOUT_RETURN_TYPE = YES_ERROR;
				GCC_WARN_UNDECLARED_SELECTOR = YES;
				GCC_WARN_UNINITIALIZED_AUTOS = YES_AGGRESSIVE;
				GCC_WARN_UNUSED_FUNCTION = YES;
				GCC_WARN_UNUSED_VARIABLE = YES;
				IPHONEOS_DEPLOYMENT_TARGET = 15.0;
				MTL_ENABLE_DEBUG_INFO = NO;
				MTL_FAST_MATH = YES;
				SDKROOT = iphoneos;
				SWIFT_COMPILATION_MODE = wholemodule;
				SWIFT_OPTIMIZATION_LEVEL = "-O";
				VALIDATE_PRODUCT = YES;
			};
			name = Release;
		};
		0A3D8960281B382B0096AE29 /* Debug */ = {
			isa = XCBuildConfiguration;
			buildSettings = {
				ASSETCATALOG_COMPILER_APPICON_NAME = AppIcon;
				ASSETCATALOG_COMPILER_GLOBAL_ACCENT_COLOR_NAME = AccentColor;
				CODE_SIGN_STYLE = Automatic;
				CURRENT_PROJECT_VERSION = 1;
				DEVELOPMENT_ASSET_PATHS = "\"TrySwiftUiAgain/Preview Content\"";
				ENABLE_PREVIEWS = YES;
				GENERATE_INFOPLIST_FILE = YES;
				INFOPLIST_KEY_UIApplicationSceneManifest_Generation = YES;
				INFOPLIST_KEY_UIApplicationSupportsIndirectInputEvents = YES;
				INFOPLIST_KEY_UILaunchScreen_Generation = YES;
				INFOPLIST_KEY_UISupportedInterfaceOrientations_iPad = "UIInterfaceOrientationPortrait UIInterfaceOrientationPortraitUpsideDown UIInterfaceOrientationLandscapeLeft UIInterfaceOrientationLandscapeRight";
				INFOPLIST_KEY_UISupportedInterfaceOrientations_iPhone = "UIInterfaceOrientationPortrait UIInterfaceOrientationLandscapeLeft UIInterfaceOrientationLandscapeRight";
				IPHONEOS_DEPLOYMENT_TARGET = 14.0;
				LD_RUNPATH_SEARCH_PATHS = (
					"$(inherited)",
					"@executable_path/Frameworks",
				);
				MARKETING_VERSION = 1.0;
				PRODUCT_BUNDLE_IDENTIFIER = merq.TrySwiftUiAgain;
				PRODUCT_NAME = "$(TARGET_NAME)";
				SWIFT_EMIT_LOC_STRINGS = YES;
				SWIFT_VERSION = 5.0;
				TARGETED_DEVICE_FAMILY = "1,2";
			};
			name = Debug;
		};
		0A3D8961281B382B0096AE29 /* Release */ = {
			isa = XCBuildConfiguration;
			buildSettings = {
				ASSETCATALOG_COMPILER_APPICON_NAME = AppIcon;
				ASSETCATALOG_COMPILER_GLOBAL_ACCENT_COLOR_NAME = AccentColor;
				CODE_SIGN_STYLE = Automatic;
				CURRENT_PROJECT_VERSION = 1;
				DEVELOPMENT_ASSET_PATHS = "\"TrySwiftUiAgain/Preview Content\"";
				ENABLE_PREVIEWS = YES;
				GENERATE_INFOPLIST_FILE = YES;
				INFOPLIST_KEY_UIApplicationSceneManifest_Generation = YES;
				INFOPLIST_KEY_UIApplicationSupportsIndirectInputEvents = YES;
				INFOPLIST_KEY_UILaunchScreen_Generation = YES;
				INFOPLIST_KEY_UISupportedInterfaceOrientations_iPad = "UIInterfaceOrientationPortrait UIInterfaceOrientationPortraitUpsideDown UIInterfaceOrientationLandscapeLeft UIInterfaceOrientationLandscapeRight";
				INFOPLIST_KEY_UISupportedInterfaceOrientations_iPhone = "UIInterfaceOrientationPortrait UIInterfaceOrientationLandscapeLeft UIInterfaceOrientationLandscapeRight";
				IPHONEOS_DEPLOYMENT_TARGET = 14.0;
				LD_RUNPATH_SEARCH_PATHS = (
					"$(inherited)",
					"@executable_path/Frameworks",
				);
				MARKETING_VERSION = 1.0;
				PRODUCT_BUNDLE_IDENTIFIER = merq.TrySwiftUiAgain;
				PRODUCT_NAME = "$(TARGET_NAME)";
				SWIFT_EMIT_LOC_STRINGS = YES;
				SWIFT_VERSION = 5.0;
				TARGETED_DEVICE_FAMILY = "1,2";
			};
			name = Release;
		};
		0A3D8963281B382B0096AE29 /* Debug */ = {
			isa = XCBuildConfiguration;
			buildSettings = {
				ALWAYS_EMBED_SWIFT_STANDARD_LIBRARIES = YES;
				BUNDLE_LOADER = "$(TEST_HOST)";
				CODE_SIGN_STYLE = Automatic;
				CURRENT_PROJECT_VERSION = 1;
				GENERATE_INFOPLIST_FILE = YES;
				IPHONEOS_DEPLOYMENT_TARGET = 14.0;
				LD_RUNPATH_SEARCH_PATHS = (
					"$(inherited)",
					"@executable_path/Frameworks",
					"@loader_path/Frameworks",
				);
				MARKETING_VERSION = 1.0;
				PRODUCT_BUNDLE_IDENTIFIER = merq.TrySwiftUiAgainTests;
				PRODUCT_NAME = "$(TARGET_NAME)";
				SWIFT_EMIT_LOC_STRINGS = NO;
				SWIFT_VERSION = 5.0;
				TARGETED_DEVICE_FAMILY = "1,2";
				TEST_HOST = "$(BUILT_PRODUCTS_DIR)/TrySwiftUiAgain.app/TrySwiftUiAgain";
			};
			name = Debug;
		};
		0A3D8964281B382B0096AE29 /* Release */ = {
			isa = XCBuildConfiguration;
			buildSettings = {
				ALWAYS_EMBED_SWIFT_STANDARD_LIBRARIES = YES;
				BUNDLE_LOADER = "$(TEST_HOST)";
				CODE_SIGN_STYLE = Automatic;
				CURRENT_PROJECT_VERSION = 1;
				GENERATE_INFOPLIST_FILE = YES;
				IPHONEOS_DEPLOYMENT_TARGET = 14.0;
				LD_RUNPATH_SEARCH_PATHS = (
					"$(inherited)",
					"@executable_path/Frameworks",
					"@loader_path/Frameworks",
				);
				MARKETING_VERSION = 1.0;
				PRODUCT_BUNDLE_IDENTIFIER = merq.TrySwiftUiAgainTests;
				PRODUCT_NAME = "$(TARGET_NAME)";
				SWIFT_EMIT_LOC_STRINGS = NO;
				SWIFT_VERSION = 5.0;
				TARGETED_DEVICE_FAMILY = "1,2";
				TEST_HOST = "$(BUILT_PRODUCTS_DIR)/TrySwiftUiAgain.app/TrySwiftUiAgain";
			};
			name = Release;
		};
		0A3D8966281B382B0096AE29 /* Debug */ = {
			isa = XCBuildConfiguration;
			buildSettings = {
				ALWAYS_EMBED_SWIFT_STANDARD_LIBRARIES = YES;
				CODE_SIGN_STYLE = Automatic;
				CURRENT_PROJECT_VERSION = 1;
				GENERATE_INFOPLIST_FILE = YES;
				LD_RUNPATH_SEARCH_PATHS = (
					"$(inherited)",
					"@executable_path/Frameworks",
					"@loader_path/Frameworks",
				);
				MARKETING_VERSION = 1.0;
				PRODUCT_BUNDLE_IDENTIFIER = merq.TrySwiftUiAgainUITests;
				PRODUCT_NAME = "$(TARGET_NAME)";
				SWIFT_EMIT_LOC_STRINGS = NO;
				SWIFT_VERSION = 5.0;
				TARGETED_DEVICE_FAMILY = "1,2";
				TEST_TARGET_NAME = TrySwiftUiAgain;
			};
			name = Debug;
		};
		0A3D8967281B382B0096AE29 /* Release */ = {
			isa = XCBuildConfiguration;
			buildSettings = {
				ALWAYS_EMBED_SWIFT_STANDARD_LIBRARIES = YES;
				CODE_SIGN_STYLE = Automatic;
				CURRENT_PROJECT_VERSION = 1;
				GENERATE_INFOPLIST_FILE = YES;
				LD_RUNPATH_SEARCH_PATHS = (
					"$(inherited)",
					"@executable_path/Frameworks",
					"@loader_path/Frameworks",
				);
				MARKETING_VERSION = 1.0;
				PRODUCT_BUNDLE_IDENTIFIER = merq.TrySwiftUiAgainUITests;
				PRODUCT_NAME = "$(TARGET_NAME)";
				SWIFT_EMIT_LOC_STRINGS = NO;
				SWIFT_VERSION = 5.0;
				TARGETED_DEVICE_FAMILY = "1,2";
				TEST_TARGET_NAME = TrySwiftUiAgain;
			};
			name = Release;
		};
/* End XCBuildConfiguration section */

/* Begin XCConfigurationList section */
		0A3D8936281B38290096AE29 /* Build configuration list for PBXProject "TrySwiftUiAgain" */ = {
			isa = XCConfigurationList;
			buildConfigurations = (
				0A3D895D281B382B0096AE29 /* Debug */,
				0A3D895E281B382B0096AE29 /* Release */,
			);
			defaultConfigurationIsVisible = 0;
			defaultConfigurationName = Release;
		};
		0A3D895F281B382B0096AE29 /* Build configuration list for PBXNativeTarget "TrySwiftUiAgain" */ = {
			isa = XCConfigurationList;
			buildConfigurations = (
				0A3D8960281B382B0096AE29 /* Debug */,
				0A3D8961281B382B0096AE29 /* Release */,
			);
			defaultConfigurationIsVisible = 0;
			defaultConfigurationName = Release;
		};
		0A3D8962281B382B0096AE29 /* Build configuration list for PBXNativeTarget "TrySwiftUiAgainTests" */ = {
			isa = XCConfigurationList;
			buildConfigurations = (
				0A3D8963281B382B0096AE29 /* Debug */,
				0A3D8964281B382B0096AE29 /* Release */,
			);
			defaultConfigurationIsVisible = 0;
			defaultConfigurationName = Release;
		};
		0A3D8965281B382B0096AE29 /* Build configuration list for PBXNativeTarget "TrySwiftUiAgainUITests" */ = {
			isa = XCConfigurationList;
			buildConfigurations = (
				0A3D8966281B382B0096AE29 /* Debug */,
				0A3D8967281B382B0096AE29 /* Release */,
			);
			defaultConfigurationIsVisible = 0;
			defaultConfigurationName = Release;
		};
/* End XCConfigurationList section */
	};
	rootObject = 0A3D8933281B38290096AE29 /* Project object */;
}
